// !$*UTF8*$!
{
	archiveVersion = 1;
	classes = {
	};
	objectVersion = 56;
	objects = {

/* Begin PBXBuildFile section */
		5A533097291F02DA0081E957 /* AppDelegate.swift in Sources */ = {isa = PBXBuildFile; fileRef = 5A533096291F02DA0081E957 /* AppDelegate.swift */; };
		5A533099291F02DA0081E957 /* GameViewController.swift in Sources */ = {isa = PBXBuildFile; fileRef = 5A533098291F02DA0081E957 /* GameViewController.swift */; };
		5A53309C291F02DA0081E957 /* Main.storyboard in Resources */ = {isa = PBXBuildFile; fileRef = 5A53309A291F02DA0081E957 /* Main.storyboard */; };
		5A53309F291F02DA0081E957 /* LaunchScreen.storyboard in Resources */ = {isa = PBXBuildFile; fileRef = 5A53309D291F02DA0081E957 /* LaunchScreen.storyboard */; };
		5A5330A7291F02DA0081E957 /* AppDelegate.swift in Sources */ = {isa = PBXBuildFile; fileRef = 5A5330A6291F02DA0081E957 /* AppDelegate.swift */; };
		5A5330A9291F02DA0081E957 /* GameViewController.swift in Sources */ = {isa = PBXBuildFile; fileRef = 5A5330A8291F02DA0081E957 /* GameViewController.swift */; };
		5A5330AC291F02DA0081E957 /* Main.storyboard in Resources */ = {isa = PBXBuildFile; fileRef = 5A5330AA291F02DA0081E957 /* Main.storyboard */; };
		5A5330AF291F02DA0081E957 /* LaunchScreen.storyboard in Resources */ = {isa = PBXBuildFile; fileRef = 5A5330AD291F02DA0081E957 /* LaunchScreen.storyboard */; };
		5A5330B7291F02DB0081E957 /* AppDelegate.swift in Sources */ = {isa = PBXBuildFile; fileRef = 5A5330B6291F02DB0081E957 /* AppDelegate.swift */; };
		5A5330B9291F02DB0081E957 /* GameViewController.swift in Sources */ = {isa = PBXBuildFile; fileRef = 5A5330B8291F02DB0081E957 /* GameViewController.swift */; };
		5A5330BC291F02DB0081E957 /* Main.storyboard in Resources */ = {isa = PBXBuildFile; fileRef = 5A5330BA291F02DB0081E957 /* Main.storyboard */; };
		5A5330C4291F02DB0081E957 /* GameScene.swift in Sources */ = {isa = PBXBuildFile; fileRef = 5A53308D291F02D70081E957 /* GameScene.swift */; };
		5A5330C5291F02DB0081E957 /* GameScene.swift in Sources */ = {isa = PBXBuildFile; fileRef = 5A53308D291F02D70081E957 /* GameScene.swift */; };
		5A5330C6291F02DB0081E957 /* GameScene.swift in Sources */ = {isa = PBXBuildFile; fileRef = 5A53308D291F02D70081E957 /* GameScene.swift */; };
		5A5330C7291F02DB0081E957 /* Assets.xcassets in Resources */ = {isa = PBXBuildFile; fileRef = 5A53308E291F02DA0081E957 /* Assets.xcassets */; };
		5A5330C8291F02DB0081E957 /* Assets.xcassets in Resources */ = {isa = PBXBuildFile; fileRef = 5A53308E291F02DA0081E957 /* Assets.xcassets */; };
		5A5330C9291F02DB0081E957 /* Assets.xcassets in Resources */ = {isa = PBXBuildFile; fileRef = 5A53308E291F02DA0081E957 /* Assets.xcassets */; };
		5A5330DE291F072F0081E957 /* Fish.swift in Sources */ = {isa = PBXBuildFile; fileRef = 5A5330DD291F072F0081E957 /* Fish.swift */; };
		5A5330DF291F072F0081E957 /* Fish.swift in Sources */ = {isa = PBXBuildFile; fileRef = 5A5330DD291F072F0081E957 /* Fish.swift */; };
		5A5330E0291F072F0081E957 /* Fish.swift in Sources */ = {isa = PBXBuildFile; fileRef = 5A5330DD291F072F0081E957 /* Fish.swift */; };
		5A5330E2291F087F0081E957 /* SatiatedState.swift in Sources */ = {isa = PBXBuildFile; fileRef = 5A5330E1291F087F0081E957 /* SatiatedState.swift */; };
		5A5330E3291F087F0081E957 /* SatiatedState.swift in Sources */ = {isa = PBXBuildFile; fileRef = 5A5330E1291F087F0081E957 /* SatiatedState.swift */; };
		5A5330E4291F087F0081E957 /* SatiatedState.swift in Sources */ = {isa = PBXBuildFile; fileRef = 5A5330E1291F087F0081E957 /* SatiatedState.swift */; };
		5A5330E6291F09D30081E957 /* FishNode.swift in Sources */ = {isa = PBXBuildFile; fileRef = 5A5330E5291F09D30081E957 /* FishNode.swift */; };
		5A5330E7291F09D30081E957 /* FishNode.swift in Sources */ = {isa = PBXBuildFile; fileRef = 5A5330E5291F09D30081E957 /* FishNode.swift */; };
		5A5330E8291F09D30081E957 /* FishNode.swift in Sources */ = {isa = PBXBuildFile; fileRef = 5A5330E5291F09D30081E957 /* FishNode.swift */; };
		5A5330EA291F0AF90081E957 /* HungryState.swift in Sources */ = {isa = PBXBuildFile; fileRef = 5A5330E9291F0AF90081E957 /* HungryState.swift */; };
		5A5330EB291F0AF90081E957 /* HungryState.swift in Sources */ = {isa = PBXBuildFile; fileRef = 5A5330E9291F0AF90081E957 /* HungryState.swift */; };
		5A5330EC291F0AF90081E957 /* HungryState.swift in Sources */ = {isa = PBXBuildFile; fileRef = 5A5330E9291F0AF90081E957 /* HungryState.swift */; };
		5A5330EE291F0BAC0081E957 /* DeadState.swift in Sources */ = {isa = PBXBuildFile; fileRef = 5A5330ED291F0BAC0081E957 /* DeadState.swift */; };
		5A5330EF291F0BAC0081E957 /* DeadState.swift in Sources */ = {isa = PBXBuildFile; fileRef = 5A5330ED291F0BAC0081E957 /* DeadState.swift */; };
		5A5330F0291F0BAC0081E957 /* DeadState.swift in Sources */ = {isa = PBXBuildFile; fileRef = 5A5330ED291F0BAC0081E957 /* DeadState.swift */; };
		5A5330F2291F0EF30081E957 /* ContactNode.swift in Sources */ = {isa = PBXBuildFile; fileRef = 5A5330F1291F0EF30081E957 /* ContactNode.swift */; };
		5A5330F3291F0EF30081E957 /* ContactNode.swift in Sources */ = {isa = PBXBuildFile; fileRef = 5A5330F1291F0EF30081E957 /* ContactNode.swift */; };
		5A5330F4291F0EF30081E957 /* ContactNode.swift in Sources */ = {isa = PBXBuildFile; fileRef = 5A5330F1291F0EF30081E957 /* ContactNode.swift */; };
		5A5330F7292017810081E957 /* DropNode.swift in Sources */ = {isa = PBXBuildFile; fileRef = 5A5330F6292017810081E957 /* DropNode.swift */; };
		5A5330F8292017810081E957 /* DropNode.swift in Sources */ = {isa = PBXBuildFile; fileRef = 5A5330F6292017810081E957 /* DropNode.swift */; };
		5A5330F9292017810081E957 /* DropNode.swift in Sources */ = {isa = PBXBuildFile; fileRef = 5A5330F6292017810081E957 /* DropNode.swift */; };
		5A5330FB292017D00081E957 /* Drop.swift in Sources */ = {isa = PBXBuildFile; fileRef = 5A5330FA292017D00081E957 /* Drop.swift */; };
		5A5330FC292017D00081E957 /* Drop.swift in Sources */ = {isa = PBXBuildFile; fileRef = 5A5330FA292017D00081E957 /* Drop.swift */; };
		5A5330FD292017D00081E957 /* Drop.swift in Sources */ = {isa = PBXBuildFile; fileRef = 5A5330FA292017D00081E957 /* Drop.swift */; };
		5A533108292176D40081E957 /* Tracking.swift in Sources */ = {isa = PBXBuildFile; fileRef = 5A533107292176D40081E957 /* Tracking.swift */; };
		5A533109292176D40081E957 /* Tracking.swift in Sources */ = {isa = PBXBuildFile; fileRef = 5A533107292176D40081E957 /* Tracking.swift */; };
		5A53310A292176D40081E957 /* Tracking.swift in Sources */ = {isa = PBXBuildFile; fileRef = 5A533107292176D40081E957 /* Tracking.swift */; };
		5A53310C29217A0C0081E957 /* Food.swift in Sources */ = {isa = PBXBuildFile; fileRef = 5A53310B29217A0C0081E957 /* Food.swift */; };
		5A53310D29217A0C0081E957 /* Food.swift in Sources */ = {isa = PBXBuildFile; fileRef = 5A53310B29217A0C0081E957 /* Food.swift */; };
		5A53310E29217A0C0081E957 /* Food.swift in Sources */ = {isa = PBXBuildFile; fileRef = 5A53310B29217A0C0081E957 /* Food.swift */; };
/* End PBXBuildFile section */

/* Begin PBXFileReference section */
		5A53308D291F02D70081E957 /* GameScene.swift */ = {isa = PBXFileReference; lastKnownFileType = sourcecode.swift; path = GameScene.swift; sourceTree = "<group>"; };
		5A53308E291F02DA0081E957 /* Assets.xcassets */ = {isa = PBXFileReference; lastKnownFileType = folder.assetcatalog; path = Assets.xcassets; sourceTree = "<group>"; };
		5A533093291F02DA0081E957 /* fish.app */ = {isa = PBXFileReference; explicitFileType = wrapper.application; includeInIndex = 0; path = fish.app; sourceTree = BUILT_PRODUCTS_DIR; };
		5A533096291F02DA0081E957 /* AppDelegate.swift */ = {isa = PBXFileReference; lastKnownFileType = sourcecode.swift; path = AppDelegate.swift; sourceTree = "<group>"; };
		5A533098291F02DA0081E957 /* GameViewController.swift */ = {isa = PBXFileReference; lastKnownFileType = sourcecode.swift; path = GameViewController.swift; sourceTree = "<group>"; };
		5A53309B291F02DA0081E957 /* Base */ = {isa = PBXFileReference; lastKnownFileType = file.storyboard; name = Base; path = Base.lproj/Main.storyboard; sourceTree = "<group>"; };
		5A53309E291F02DA0081E957 /* Base */ = {isa = PBXFileReference; lastKnownFileType = file.storyboard; name = Base; path = Base.lproj/LaunchScreen.storyboard; sourceTree = "<group>"; };
		5A5330A4291F02DA0081E957 /* fish.app */ = {isa = PBXFileReference; explicitFileType = wrapper.application; includeInIndex = 0; path = fish.app; sourceTree = BUILT_PRODUCTS_DIR; };
		5A5330A6291F02DA0081E957 /* AppDelegate.swift */ = {isa = PBXFileReference; lastKnownFileType = sourcecode.swift; path = AppDelegate.swift; sourceTree = "<group>"; };
		5A5330A8291F02DA0081E957 /* GameViewController.swift */ = {isa = PBXFileReference; lastKnownFileType = sourcecode.swift; path = GameViewController.swift; sourceTree = "<group>"; };
		5A5330AB291F02DA0081E957 /* Base */ = {isa = PBXFileReference; lastKnownFileType = file.storyboard; name = Base; path = Base.lproj/Main.storyboard; sourceTree = "<group>"; };
		5A5330AE291F02DA0081E957 /* Base */ = {isa = PBXFileReference; lastKnownFileType = file.storyboard; name = Base; path = Base.lproj/LaunchScreen.storyboard; sourceTree = "<group>"; };
		5A5330B4291F02DB0081E957 /* fish.app */ = {isa = PBXFileReference; explicitFileType = wrapper.application; includeInIndex = 0; path = fish.app; sourceTree = BUILT_PRODUCTS_DIR; };
		5A5330B6291F02DB0081E957 /* AppDelegate.swift */ = {isa = PBXFileReference; lastKnownFileType = sourcecode.swift; path = AppDelegate.swift; sourceTree = "<group>"; };
		5A5330B8291F02DB0081E957 /* GameViewController.swift */ = {isa = PBXFileReference; lastKnownFileType = sourcecode.swift; path = GameViewController.swift; sourceTree = "<group>"; };
		5A5330BB291F02DB0081E957 /* Base */ = {isa = PBXFileReference; lastKnownFileType = file.storyboard; name = Base; path = Base.lproj/Main.storyboard; sourceTree = "<group>"; };
		5A5330BD291F02DB0081E957 /* fish_macOS.entitlements */ = {isa = PBXFileReference; lastKnownFileType = text.plist.entitlements; path = fish_macOS.entitlements; sourceTree = "<group>"; };
		5A5330DD291F072F0081E957 /* Fish.swift */ = {isa = PBXFileReference; lastKnownFileType = sourcecode.swift; path = Fish.swift; sourceTree = "<group>"; };
		5A5330E1291F087F0081E957 /* SatiatedState.swift */ = {isa = PBXFileReference; lastKnownFileType = sourcecode.swift; path = SatiatedState.swift; sourceTree = "<group>"; };
		5A5330E5291F09D30081E957 /* FishNode.swift */ = {isa = PBXFileReference; lastKnownFileType = sourcecode.swift; path = FishNode.swift; sourceTree = "<group>"; };
		5A5330E9291F0AF90081E957 /* HungryState.swift */ = {isa = PBXFileReference; lastKnownFileType = sourcecode.swift; path = HungryState.swift; sourceTree = "<group>"; };
		5A5330ED291F0BAC0081E957 /* DeadState.swift */ = {isa = PBXFileReference; lastKnownFileType = sourcecode.swift; path = DeadState.swift; sourceTree = "<group>"; };
		5A5330F1291F0EF30081E957 /* ContactNode.swift */ = {isa = PBXFileReference; lastKnownFileType = sourcecode.swift; path = ContactNode.swift; sourceTree = "<group>"; };
		5A5330F6292017810081E957 /* DropNode.swift */ = {isa = PBXFileReference; lastKnownFileType = sourcecode.swift; path = DropNode.swift; sourceTree = "<group>"; };
		5A5330FA292017D00081E957 /* Drop.swift */ = {isa = PBXFileReference; lastKnownFileType = sourcecode.swift; path = Drop.swift; sourceTree = "<group>"; };
		5A533107292176D40081E957 /* Tracking.swift */ = {isa = PBXFileReference; lastKnownFileType = sourcecode.swift; path = Tracking.swift; sourceTree = "<group>"; };
		5A53310B29217A0C0081E957 /* Food.swift */ = {isa = PBXFileReference; lastKnownFileType = sourcecode.swift; path = Food.swift; sourceTree = "<group>"; };
/* End PBXFileReference section */

/* Begin PBXFrameworksBuildPhase section */
		5A533090291F02DA0081E957 /* Frameworks */ = {
			isa = PBXFrameworksBuildPhase;
			buildActionMask = 2147483647;
			files = (
			);
			runOnlyForDeploymentPostprocessing = 0;
		};
		5A5330A1291F02DA0081E957 /* Frameworks */ = {
			isa = PBXFrameworksBuildPhase;
			buildActionMask = 2147483647;
			files = (
			);
			runOnlyForDeploymentPostprocessing = 0;
		};
		5A5330B1291F02DB0081E957 /* Frameworks */ = {
			isa = PBXFrameworksBuildPhase;
			buildActionMask = 2147483647;
			files = (
			);
			runOnlyForDeploymentPostprocessing = 0;
		};
/* End PBXFrameworksBuildPhase section */

/* Begin PBXGroup section */
		5A533085291F02D60081E957 = {
			isa = PBXGroup;
			children = (
				5A53308A291F02D60081E957 /* fish Shared */,
				5A533095291F02DA0081E957 /* fish iOS */,
				5A5330A5291F02DA0081E957 /* fish tvOS */,
				5A5330B5291F02DB0081E957 /* fish macOS */,
				5A533094291F02DA0081E957 /* Products */,
			);
			sourceTree = "<group>";
		};
		5A53308A291F02D60081E957 /* fish Shared */ = {
			isa = PBXGroup;
			children = (
				5A5331022921754A0081E957 /* Components */,
				5A53308D291F02D70081E957 /* GameScene.swift */,
				5A5330F5291F13380081E957 /* States */,
				5A5330FF2920181C0081E957 /* Nodes */,
				5A5331002920182A0081E957 /* Entities */,
				5A53308E291F02DA0081E957 /* Assets.xcassets */,
			);
			path = "fish Shared";
			sourceTree = "<group>";
		};
		5A533094291F02DA0081E957 /* Products */ = {
			isa = PBXGroup;
			children = (
				5A533093291F02DA0081E957 /* fish.app */,
				5A5330A4291F02DA0081E957 /* fish.app */,
				5A5330B4291F02DB0081E957 /* fish.app */,
			);
			name = Products;
			sourceTree = "<group>";
		};
		5A533095291F02DA0081E957 /* fish iOS */ = {
			isa = PBXGroup;
			children = (
				5A533096291F02DA0081E957 /* AppDelegate.swift */,
				5A533098291F02DA0081E957 /* GameViewController.swift */,
				5A53309A291F02DA0081E957 /* Main.storyboard */,
				5A53309D291F02DA0081E957 /* LaunchScreen.storyboard */,
			);
			path = "fish iOS";
			sourceTree = "<group>";
		};
		5A5330A5291F02DA0081E957 /* fish tvOS */ = {
			isa = PBXGroup;
			children = (
				5A5330A6291F02DA0081E957 /* AppDelegate.swift */,
				5A5330A8291F02DA0081E957 /* GameViewController.swift */,
				5A5330AA291F02DA0081E957 /* Main.storyboard */,
				5A5330AD291F02DA0081E957 /* LaunchScreen.storyboard */,
			);
			path = "fish tvOS";
			sourceTree = "<group>";
		};
		5A5330B5291F02DB0081E957 /* fish macOS */ = {
			isa = PBXGroup;
			children = (
				5A5330B6291F02DB0081E957 /* AppDelegate.swift */,
				5A5330B8291F02DB0081E957 /* GameViewController.swift */,
				5A5330BA291F02DB0081E957 /* Main.storyboard */,
				5A5330BD291F02DB0081E957 /* fish_macOS.entitlements */,
			);
			path = "fish macOS";
			sourceTree = "<group>";
		};
		5A5330F5291F13380081E957 /* States */ = {
			isa = PBXGroup;
			children = (
				5A5330E1291F087F0081E957 /* SatiatedState.swift */,
				5A5330E9291F0AF90081E957 /* HungryState.swift */,
				5A5330ED291F0BAC0081E957 /* DeadState.swift */,
			);
			path = States;
			sourceTree = "<group>";
		};
		5A5330FF2920181C0081E957 /* Nodes */ = {
			isa = PBXGroup;
			children = (
				5A5330E5291F09D30081E957 /* FishNode.swift */,
				5A5330F6292017810081E957 /* DropNode.swift */,
				5A5330F1291F0EF30081E957 /* ContactNode.swift */,
			);
			path = Nodes;
			sourceTree = "<group>";
		};
		5A5331002920182A0081E957 /* Entities */ = {
			isa = PBXGroup;
			children = (
				5A5330FA292017D00081E957 /* Drop.swift */,
				5A5330DD291F072F0081E957 /* Fish.swift */,
			);
			path = Entities;
			sourceTree = "<group>";
		};
		5A5331022921754A0081E957 /* Components */ = {
			isa = PBXGroup;
			children = (
				5A533107292176D40081E957 /* Tracking.swift */,
				5A53310B29217A0C0081E957 /* Food.swift */,
			);
			path = Components;
			sourceTree = "<group>";
		};
/* End PBXGroup section */

/* Begin PBXNativeTarget section */
		5A533092291F02DA0081E957 /* fish iOS */ = {
			isa = PBXNativeTarget;
			buildConfigurationList = 5A5330CC291F02DB0081E957 /* Build configuration list for PBXNativeTarget "fish iOS" */;
			buildPhases = (
				5A53308F291F02DA0081E957 /* Sources */,
				5A533090291F02DA0081E957 /* Frameworks */,
				5A533091291F02DA0081E957 /* Resources */,
			);
			buildRules = (
			);
			dependencies = (
			);
			name = "fish iOS";
			productName = "fish iOS";
			productReference = 5A533093291F02DA0081E957 /* fish.app */;
			productType = "com.apple.product-type.application";
		};
		5A5330A3291F02DA0081E957 /* fish tvOS */ = {
			isa = PBXNativeTarget;
			buildConfigurationList = 5A5330CF291F02DB0081E957 /* Build configuration list for PBXNativeTarget "fish tvOS" */;
			buildPhases = (
				5A5330A0291F02DA0081E957 /* Sources */,
				5A5330A1291F02DA0081E957 /* Frameworks */,
				5A5330A2291F02DA0081E957 /* Resources */,
			);
			buildRules = (
			);
			dependencies = (
			);
			name = "fish tvOS";
			productName = "fish tvOS";
			productReference = 5A5330A4291F02DA0081E957 /* fish.app */;
			productType = "com.apple.product-type.application";
		};
		5A5330B3291F02DB0081E957 /* fish macOS */ = {
			isa = PBXNativeTarget;
			buildConfigurationList = 5A5330D2291F02DB0081E957 /* Build configuration list for PBXNativeTarget "fish macOS" */;
			buildPhases = (
				5A5330B0291F02DB0081E957 /* Sources */,
				5A5330B1291F02DB0081E957 /* Frameworks */,
				5A5330B2291F02DB0081E957 /* Resources */,
			);
			buildRules = (
			);
			dependencies = (
			);
			name = "fish macOS";
			productName = "fish macOS";
			productReference = 5A5330B4291F02DB0081E957 /* fish.app */;
			productType = "com.apple.product-type.application";
		};
/* End PBXNativeTarget section */

/* Begin PBXProject section */
		5A533086291F02D60081E957 /* Project object */ = {
			isa = PBXProject;
			attributes = {
				BuildIndependentTargetsInParallel = 1;
				LastSwiftUpdateCheck = 1410;
				LastUpgradeCheck = 1410;
				TargetAttributes = {
					5A533092291F02DA0081E957 = {
						CreatedOnToolsVersion = 14.1;
					};
					5A5330A3291F02DA0081E957 = {
						CreatedOnToolsVersion = 14.1;
					};
					5A5330B3291F02DB0081E957 = {
						CreatedOnToolsVersion = 14.1;
					};
				};
			};
			buildConfigurationList = 5A533089291F02D60081E957 /* Build configuration list for PBXProject "fish" */;
			compatibilityVersion = "Xcode 14.0";
			developmentRegion = en;
			hasScannedForEncodings = 0;
			knownRegions = (
				en,
				Base,
			);
			mainGroup = 5A533085291F02D60081E957;
			productRefGroup = 5A533094291F02DA0081E957 /* Products */;
			projectDirPath = "";
			projectRoot = "";
			targets = (
				5A533092291F02DA0081E957 /* fish iOS */,
				5A5330A3291F02DA0081E957 /* fish tvOS */,
				5A5330B3291F02DB0081E957 /* fish macOS */,
			);
		};
/* End PBXProject section */

/* Begin PBXResourcesBuildPhase section */
		5A533091291F02DA0081E957 /* Resources */ = {
			isa = PBXResourcesBuildPhase;
			buildActionMask = 2147483647;
			files = (
				5A53309C291F02DA0081E957 /* Main.storyboard in Resources */,
				5A53309F291F02DA0081E957 /* LaunchScreen.storyboard in Resources */,
				5A5330C7291F02DB0081E957 /* Assets.xcassets in Resources */,
			);
			runOnlyForDeploymentPostprocessing = 0;
		};
		5A5330A2291F02DA0081E957 /* Resources */ = {
			isa = PBXResourcesBuildPhase;
			buildActionMask = 2147483647;
			files = (
				5A5330AC291F02DA0081E957 /* Main.storyboard in Resources */,
				5A5330AF291F02DA0081E957 /* LaunchScreen.storyboard in Resources */,
				5A5330C8291F02DB0081E957 /* Assets.xcassets in Resources */,
			);
			runOnlyForDeploymentPostprocessing = 0;
		};
		5A5330B2291F02DB0081E957 /* Resources */ = {
			isa = PBXResourcesBuildPhase;
			buildActionMask = 2147483647;
			files = (
				5A5330BC291F02DB0081E957 /* Main.storyboard in Resources */,
				5A5330C9291F02DB0081E957 /* Assets.xcassets in Resources */,
			);
			runOnlyForDeploymentPostprocessing = 0;
		};
/* End PBXResourcesBuildPhase section */

/* Begin PBXSourcesBuildPhase section */
		5A53308F291F02DA0081E957 /* Sources */ = {
			isa = PBXSourcesBuildPhase;
			buildActionMask = 2147483647;
			files = (
				5A533108292176D40081E957 /* Tracking.swift in Sources */,
				5A5330E2291F087F0081E957 /* SatiatedState.swift in Sources */,
				5A5330EE291F0BAC0081E957 /* DeadState.swift in Sources */,
				5A5330E6291F09D30081E957 /* FishNode.swift in Sources */,
				5A53310C29217A0C0081E957 /* Food.swift in Sources */,
				5A5330FB292017D00081E957 /* Drop.swift in Sources */,
				5A5330C4291F02DB0081E957 /* GameScene.swift in Sources */,
				5A533099291F02DA0081E957 /* GameViewController.swift in Sources */,
				5A5330F7292017810081E957 /* DropNode.swift in Sources */,
				5A5330F2291F0EF30081E957 /* ContactNode.swift in Sources */,
				5A533097291F02DA0081E957 /* AppDelegate.swift in Sources */,
				5A5330EA291F0AF90081E957 /* HungryState.swift in Sources */,
				5A5330DE291F072F0081E957 /* Fish.swift in Sources */,
			);
			runOnlyForDeploymentPostprocessing = 0;
		};
		5A5330A0291F02DA0081E957 /* Sources */ = {
			isa = PBXSourcesBuildPhase;
			buildActionMask = 2147483647;
			files = (
				5A533109292176D40081E957 /* Tracking.swift in Sources */,
				5A5330E3291F087F0081E957 /* SatiatedState.swift in Sources */,
				5A5330EF291F0BAC0081E957 /* DeadState.swift in Sources */,
				5A5330E7291F09D30081E957 /* FishNode.swift in Sources */,
				5A53310D29217A0C0081E957 /* Food.swift in Sources */,
				5A5330FC292017D00081E957 /* Drop.swift in Sources */,
				5A5330C5291F02DB0081E957 /* GameScene.swift in Sources */,
				5A5330A9291F02DA0081E957 /* GameViewController.swift in Sources */,
				5A5330F8292017810081E957 /* DropNode.swift in Sources */,
				5A5330F3291F0EF30081E957 /* ContactNode.swift in Sources */,
				5A5330A7291F02DA0081E957 /* AppDelegate.swift in Sources */,
				5A5330EB291F0AF90081E957 /* HungryState.swift in Sources */,
				5A5330DF291F072F0081E957 /* Fish.swift in Sources */,
			);
			runOnlyForDeploymentPostprocessing = 0;
		};
		5A5330B0291F02DB0081E957 /* Sources */ = {
			isa = PBXSourcesBuildPhase;
			buildActionMask = 2147483647;
			files = (
				5A53310A292176D40081E957 /* Tracking.swift in Sources */,
				5A5330E4291F087F0081E957 /* SatiatedState.swift in Sources */,
				5A5330F0291F0BAC0081E957 /* DeadState.swift in Sources */,
				5A5330E8291F09D30081E957 /* FishNode.swift in Sources */,
				5A53310E29217A0C0081E957 /* Food.swift in Sources */,
				5A5330FD292017D00081E957 /* Drop.swift in Sources */,
				5A5330C6291F02DB0081E957 /* GameScene.swift in Sources */,
				5A5330B9291F02DB0081E957 /* GameViewController.swift in Sources */,
				5A5330F9292017810081E957 /* DropNode.swift in Sources */,
				5A5330F4291F0EF30081E957 /* ContactNode.swift in Sources */,
				5A5330B7291F02DB0081E957 /* AppDelegate.swift in Sources */,
				5A5330EC291F0AF90081E957 /* HungryState.swift in Sources */,
				5A5330E0291F072F0081E957 /* Fish.swift in Sources */,
			);
			runOnlyForDeploymentPostprocessing = 0;
		};
/* End PBXSourcesBuildPhase section */

/* Begin PBXVariantGroup section */
		5A53309A291F02DA0081E957 /* Main.storyboard */ = {
			isa = PBXVariantGroup;
			children = (
				5A53309B291F02DA0081E957 /* Base */,
			);
			name = Main.storyboard;
			sourceTree = "<group>";
		};
		5A53309D291F02DA0081E957 /* LaunchScreen.storyboard */ = {
			isa = PBXVariantGroup;
			children = (
				5A53309E291F02DA0081E957 /* Base */,
			);
			name = LaunchScreen.storyboard;
			sourceTree = "<group>";
		};
		5A5330AA291F02DA0081E957 /* Main.storyboard */ = {
			isa = PBXVariantGroup;
			children = (
				5A5330AB291F02DA0081E957 /* Base */,
			);
			name = Main.storyboard;
			sourceTree = "<group>";
		};
		5A5330AD291F02DA0081E957 /* LaunchScreen.storyboard */ = {
			isa = PBXVariantGroup;
			children = (
				5A5330AE291F02DA0081E957 /* Base */,
			);
			name = LaunchScreen.storyboard;
			sourceTree = "<group>";
		};
		5A5330BA291F02DB0081E957 /* Main.storyboard */ = {
			isa = PBXVariantGroup;
			children = (
				5A5330BB291F02DB0081E957 /* Base */,
			);
			name = Main.storyboard;
			sourceTree = "<group>";
		};
/* End PBXVariantGroup section */

/* Begin XCBuildConfiguration section */
		5A5330CA291F02DB0081E957 /* Debug */ = {
			isa = XCBuildConfiguration;
			buildSettings = {
				ALWAYS_SEARCH_USER_PATHS = NO;
				CLANG_ANALYZER_NONNULL = YES;
				CLANG_ANALYZER_NUMBER_OBJECT_CONVERSION = YES_AGGRESSIVE;
				CLANG_CXX_LANGUAGE_STANDARD = "gnu++20";
				CLANG_ENABLE_MODULES = YES;
				CLANG_ENABLE_OBJC_ARC = YES;
				CLANG_ENABLE_OBJC_WEAK = YES;
				CLANG_WARN_BLOCK_CAPTURE_AUTORELEASING = YES;
				CLANG_WARN_BOOL_CONVERSION = YES;
				CLANG_WARN_COMMA = YES;
				CLANG_WARN_CONSTANT_CONVERSION = YES;
				CLANG_WARN_DEPRECATED_OBJC_IMPLEMENTATIONS = YES;
				CLANG_WARN_DIRECT_OBJC_ISA_USAGE = YES_ERROR;
				CLANG_WARN_DOCUMENTATION_COMMENTS = YES;
				CLANG_WARN_EMPTY_BODY = YES;
				CLANG_WARN_ENUM_CONVERSION = YES;
				CLANG_WARN_INFINITE_RECURSION = YES;
				CLANG_WARN_INT_CONVERSION = YES;
				CLANG_WARN_NON_LITERAL_NULL_CONVERSION = YES;
				CLANG_WARN_OBJC_IMPLICIT_RETAIN_SELF = YES;
				CLANG_WARN_OBJC_LITERAL_CONVERSION = YES;
				CLANG_WARN_OBJC_ROOT_CLASS = YES_ERROR;
				CLANG_WARN_QUOTED_INCLUDE_IN_FRAMEWORK_HEADER = YES;
				CLANG_WARN_RANGE_LOOP_ANALYSIS = YES;
				CLANG_WARN_STRICT_PROTOTYPES = YES;
				CLANG_WARN_SUSPICIOUS_MOVE = YES;
				CLANG_WARN_UNGUARDED_AVAILABILITY = YES_AGGRESSIVE;
				CLANG_WARN_UNREACHABLE_CODE = YES;
				CLANG_WARN__DUPLICATE_METHOD_MATCH = YES;
				COPY_PHASE_STRIP = NO;
				DEBUG_INFORMATION_FORMAT = dwarf;
				ENABLE_STRICT_OBJC_MSGSEND = YES;
				ENABLE_TESTABILITY = YES;
				GCC_C_LANGUAGE_STANDARD = gnu11;
				GCC_DYNAMIC_NO_PIC = NO;
				GCC_NO_COMMON_BLOCKS = YES;
				GCC_OPTIMIZATION_LEVEL = 0;
				GCC_PREPROCESSOR_DEFINITIONS = (
					"DEBUG=1",
					"$(inherited)",
				);
				GCC_WARN_64_TO_32_BIT_CONVERSION = YES;
				GCC_WARN_ABOUT_RETURN_TYPE = YES_ERROR;
				GCC_WARN_UNDECLARED_SELECTOR = YES;
				GCC_WARN_UNINITIALIZED_AUTOS = YES_AGGRESSIVE;
				GCC_WARN_UNUSED_FUNCTION = YES;
				GCC_WARN_UNUSED_VARIABLE = YES;
				MTL_ENABLE_DEBUG_INFO = INCLUDE_SOURCE;
				MTL_FAST_MATH = YES;
				ONLY_ACTIVE_ARCH = YES;
				SWIFT_ACTIVE_COMPILATION_CONDITIONS = DEBUG;
				SWIFT_OPTIMIZATION_LEVEL = "-Onone";
			};
			name = Debug;
		};
		5A5330CB291F02DB0081E957 /* Release */ = {
			isa = XCBuildConfiguration;
			buildSettings = {
				ALWAYS_SEARCH_USER_PATHS = NO;
				CLANG_ANALYZER_NONNULL = YES;
				CLANG_ANALYZER_NUMBER_OBJECT_CONVERSION = YES_AGGRESSIVE;
				CLANG_CXX_LANGUAGE_STANDARD = "gnu++20";
				CLANG_ENABLE_MODULES = YES;
				CLANG_ENABLE_OBJC_ARC = YES;
				CLANG_ENABLE_OBJC_WEAK = YES;
				CLANG_WARN_BLOCK_CAPTURE_AUTORELEASING = YES;
				CLANG_WARN_BOOL_CONVERSION = YES;
				CLANG_WARN_COMMA = YES;
				CLANG_WARN_CONSTANT_CONVERSION = YES;
				CLANG_WARN_DEPRECATED_OBJC_IMPLEMENTATIONS = YES;
				CLANG_WARN_DIRECT_OBJC_ISA_USAGE = YES_ERROR;
				CLANG_WARN_DOCUMENTATION_COMMENTS = YES;
				CLANG_WARN_EMPTY_BODY = YES;
				CLANG_WARN_ENUM_CONVERSION = YES;
				CLANG_WARN_INFINITE_RECURSION = YES;
				CLANG_WARN_INT_CONVERSION = YES;
				CLANG_WARN_NON_LITERAL_NULL_CONVERSION = YES;
				CLANG_WARN_OBJC_IMPLICIT_RETAIN_SELF = YES;
				CLANG_WARN_OBJC_LITERAL_CONVERSION = YES;
				CLANG_WARN_OBJC_ROOT_CLASS = YES_ERROR;
				CLANG_WARN_QUOTED_INCLUDE_IN_FRAMEWORK_HEADER = YES;
				CLANG_WARN_RANGE_LOOP_ANALYSIS = YES;
				CLANG_WARN_STRICT_PROTOTYPES = YES;
				CLANG_WARN_SUSPICIOUS_MOVE = YES;
				CLANG_WARN_UNGUARDED_AVAILABILITY = YES_AGGRESSIVE;
				CLANG_WARN_UNREACHABLE_CODE = YES;
				CLANG_WARN__DUPLICATE_METHOD_MATCH = YES;
				COPY_PHASE_STRIP = NO;
				DEBUG_INFORMATION_FORMAT = "dwarf-with-dsym";
				ENABLE_NS_ASSERTIONS = NO;
				ENABLE_STRICT_OBJC_MSGSEND = YES;
				GCC_C_LANGUAGE_STANDARD = gnu11;
				GCC_NO_COMMON_BLOCKS = YES;
				GCC_WARN_64_TO_32_BIT_CONVERSION = YES;
				GCC_WARN_ABOUT_RETURN_TYPE = YES_ERROR;
				GCC_WARN_UNDECLARED_SELECTOR = YES;
				GCC_WARN_UNINITIALIZED_AUTOS = YES_AGGRESSIVE;
				GCC_WARN_UNUSED_FUNCTION = YES;
				GCC_WARN_UNUSED_VARIABLE = YES;
				MTL_ENABLE_DEBUG_INFO = NO;
				MTL_FAST_MATH = YES;
				SWIFT_COMPILATION_MODE = wholemodule;
				SWIFT_OPTIMIZATION_LEVEL = "-O";
			};
			name = Release;
		};
		5A5330CD291F02DB0081E957 /* Debug */ = {
			isa = XCBuildConfiguration;
			buildSettings = {
				ASSETCATALOG_COMPILER_APPICON_NAME = AppIcon;
				ASSETCATALOG_COMPILER_GLOBAL_ACCENT_COLOR_NAME = AccentColor;
				CODE_SIGN_STYLE = Automatic;
				CURRENT_PROJECT_VERSION = 1;
				DEVELOPMENT_TEAM = L6GC92UX4U;
				GENERATE_INFOPLIST_FILE = YES;
				INFOPLIST_KEY_UIApplicationSupportsIndirectInputEvents = YES;
				INFOPLIST_KEY_UILaunchStoryboardName = LaunchScreen;
				INFOPLIST_KEY_UIMainStoryboardFile = Main;
				INFOPLIST_KEY_UIStatusBarHidden = YES;
				INFOPLIST_KEY_UISupportedInterfaceOrientations_iPad = "UIInterfaceOrientationPortrait UIInterfaceOrientationPortraitUpsideDown UIInterfaceOrientationLandscapeLeft UIInterfaceOrientationLandscapeRight";
				INFOPLIST_KEY_UISupportedInterfaceOrientations_iPhone = "UIInterfaceOrientationPortrait UIInterfaceOrientationLandscapeLeft UIInterfaceOrientationLandscapeRight";
				IPHONEOS_DEPLOYMENT_TARGET = 16.1;
				LD_RUNPATH_SEARCH_PATHS = (
					"$(inherited)",
					"@executable_path/Frameworks",
				);
				MARKETING_VERSION = 1.0;
				PRODUCT_BUNDLE_IDENTIFIER = sh.blivet.fish;
				PRODUCT_NAME = fish;
				SDKROOT = iphoneos;
				SWIFT_EMIT_LOC_STRINGS = YES;
				SWIFT_VERSION = 5.0;
				TARGETED_DEVICE_FAMILY = "1,2";
			};
			name = Debug;
		};
		5A5330CE291F02DB0081E957 /* Release */ = {
			isa = XCBuildConfiguration;
			buildSettings = {
				ASSETCATALOG_COMPILER_APPICON_NAME = AppIcon;
				ASSETCATALOG_COMPILER_GLOBAL_ACCENT_COLOR_NAME = AccentColor;
				CODE_SIGN_STYLE = Automatic;
				CURRENT_PROJECT_VERSION = 1;
				DEVELOPMENT_TEAM = L6GC92UX4U;
				GENERATE_INFOPLIST_FILE = YES;
				INFOPLIST_KEY_UIApplicationSupportsIndirectInputEvents = YES;
				INFOPLIST_KEY_UILaunchStoryboardName = LaunchScreen;
				INFOPLIST_KEY_UIMainStoryboardFile = Main;
				INFOPLIST_KEY_UIStatusBarHidden = YES;
				INFOPLIST_KEY_UISupportedInterfaceOrientations_iPad = "UIInterfaceOrientationPortrait UIInterfaceOrientationPortraitUpsideDown UIInterfaceOrientationLandscapeLeft UIInterfaceOrientationLandscapeRight";
				INFOPLIST_KEY_UISupportedInterfaceOrientations_iPhone = "UIInterfaceOrientationPortrait UIInterfaceOrientationLandscapeLeft UIInterfaceOrientationLandscapeRight";
				IPHONEOS_DEPLOYMENT_TARGET = 16.1;
				LD_RUNPATH_SEARCH_PATHS = (
					"$(inherited)",
					"@executable_path/Frameworks",
				);
				MARKETING_VERSION = 1.0;
				PRODUCT_BUNDLE_IDENTIFIER = sh.blivet.fish;
				PRODUCT_NAME = fish;
				SDKROOT = iphoneos;
				SWIFT_EMIT_LOC_STRINGS = YES;
				SWIFT_VERSION = 5.0;
				TARGETED_DEVICE_FAMILY = "1,2";
				VALIDATE_PRODUCT = YES;
			};
			name = Release;
		};
		5A5330D0291F02DB0081E957 /* Debug */ = {
			isa = XCBuildConfiguration;
			buildSettings = {
				ASSETCATALOG_COMPILER_APPICON_NAME = "tvOS App Icon & Top Shelf Image";
				ASSETCATALOG_COMPILER_GLOBAL_ACCENT_COLOR_NAME = AccentColor;
				CODE_SIGN_STYLE = Automatic;
				CURRENT_PROJECT_VERSION = 1;
				DEVELOPMENT_TEAM = L6GC92UX4U;
				GENERATE_INFOPLIST_FILE = YES;
				INFOPLIST_KEY_UILaunchStoryboardName = LaunchScreen;
				INFOPLIST_KEY_UIMainStoryboardFile = Main;
				INFOPLIST_KEY_UIUserInterfaceStyle = Automatic;
				LD_RUNPATH_SEARCH_PATHS = (
					"$(inherited)",
					"@executable_path/Frameworks",
				);
				MARKETING_VERSION = 1.0;
				PRODUCT_BUNDLE_IDENTIFIER = sh.blivet.fish;
				PRODUCT_NAME = fish;
				SDKROOT = appletvos;
				SWIFT_EMIT_LOC_STRINGS = YES;
				SWIFT_VERSION = 5.0;
				TARGETED_DEVICE_FAMILY = 3;
				TVOS_DEPLOYMENT_TARGET = 16.1;
			};
			name = Debug;
		};
		5A5330D1291F02DB0081E957 /* Release */ = {
			isa = XCBuildConfiguration;
			buildSettings = {
				ASSETCATALOG_COMPILER_APPICON_NAME = "tvOS App Icon & Top Shelf Image";
				ASSETCATALOG_COMPILER_GLOBAL_ACCENT_COLOR_NAME = AccentColor;
				CODE_SIGN_STYLE = Automatic;
				CURRENT_PROJECT_VERSION = 1;
				DEVELOPMENT_TEAM = L6GC92UX4U;
				GENERATE_INFOPLIST_FILE = YES;
				INFOPLIST_KEY_UILaunchStoryboardName = LaunchScreen;
				INFOPLIST_KEY_UIMainStoryboardFile = Main;
				INFOPLIST_KEY_UIUserInterfaceStyle = Automatic;
				LD_RUNPATH_SEARCH_PATHS = (
					"$(inherited)",
					"@executable_path/Frameworks",
				);
				MARKETING_VERSION = 1.0;
				PRODUCT_BUNDLE_IDENTIFIER = sh.blivet.fish;
				PRODUCT_NAME = fish;
				SDKROOT = appletvos;
				SWIFT_EMIT_LOC_STRINGS = YES;
				SWIFT_VERSION = 5.0;
				TARGETED_DEVICE_FAMILY = 3;
				TVOS_DEPLOYMENT_TARGET = 16.1;
				VALIDATE_PRODUCT = YES;
			};
			name = Release;
		};
		5A5330D3291F02DB0081E957 /* Debug */ = {
			isa = XCBuildConfiguration;
			buildSettings = {
				ASSETCATALOG_COMPILER_APPICON_NAME = AppIcon;
				ASSETCATALOG_COMPILER_GLOBAL_ACCENT_COLOR_NAME = AccentColor;
				CODE_SIGN_ENTITLEMENTS = "fish macOS/fish_macOS.entitlements";
				CODE_SIGN_STYLE = Automatic;
				COMBINE_HIDPI_IMAGES = YES;
				CURRENT_PROJECT_VERSION = 1;
				DEVELOPMENT_TEAM = L6GC92UX4U;
				ENABLE_HARDENED_RUNTIME = YES;
				GENERATE_INFOPLIST_FILE = YES;
				INFOPLIST_KEY_NSHumanReadableCopyright = "";
				INFOPLIST_KEY_NSMainStoryboardFile = Main;
				INFOPLIST_KEY_NSPrincipalClass = NSApplication;
				LD_RUNPATH_SEARCH_PATHS = (
					"$(inherited)",
					"@executable_path/../Frameworks",
				);
				MACOSX_DEPLOYMENT_TARGET = 13.0;
				MARKETING_VERSION = 1.0;
				PRODUCT_BUNDLE_IDENTIFIER = sh.blivet.fish;
				PRODUCT_NAME = fish;
				SDKROOT = macosx;
				SWIFT_EMIT_LOC_STRINGS = YES;
				SWIFT_VERSION = 5.0;
			};
			name = Debug;
		};
		5A5330D4291F02DB0081E957 /* Release */ = {
			isa = XCBuildConfiguration;
			buildSettings = {
				ASSETCATALOG_COMPILER_APPICON_NAME = AppIcon;
				ASSETCATALOG_COMPILER_GLOBAL_ACCENT_COLOR_NAME = AccentColor;
				CODE_SIGN_ENTITLEMENTS = "fish macOS/fish_macOS.entitlements";
				CODE_SIGN_STYLE = Automatic;
				COMBINE_HIDPI_IMAGES = YES;
				CURRENT_PROJECT_VERSION = 1;
				DEVELOPMENT_TEAM = L6GC92UX4U;
				ENABLE_HARDENED_RUNTIME = YES;
				GENERATE_INFOPLIST_FILE = YES;
				INFOPLIST_KEY_NSHumanReadableCopyright = "";
				INFOPLIST_KEY_NSMainStoryboardFile = Main;
				INFOPLIST_KEY_NSPrincipalClass = NSApplication;
				LD_RUNPATH_SEARCH_PATHS = (
					"$(inherited)",
					"@executable_path/../Frameworks",
				);
				MACOSX_DEPLOYMENT_TARGET = 13.0;
				MARKETING_VERSION = 1.0;
				PRODUCT_BUNDLE_IDENTIFIER = sh.blivet.fish;
				PRODUCT_NAME = fish;
				SDKROOT = macosx;
				SWIFT_EMIT_LOC_STRINGS = YES;
				SWIFT_VERSION = 5.0;
			};
			name = Release;
		};
/* End XCBuildConfiguration section */

/* Begin XCConfigurationList section */
		5A533089291F02D60081E957 /* Build configuration list for PBXProject "fish" */ = {
			isa = XCConfigurationList;
			buildConfigurations = (
				5A5330CA291F02DB0081E957 /* Debug */,
				5A5330CB291F02DB0081E957 /* Release */,
			);
			defaultConfigurationIsVisible = 0;
			defaultConfigurationName = Release;
		};
		5A5330CC291F02DB0081E957 /* Build configuration list for PBXNativeTarget "fish iOS" */ = {
			isa = XCConfigurationList;
			buildConfigurations = (
				5A5330CD291F02DB0081E957 /* Debug */,
				5A5330CE291F02DB0081E957 /* Release */,
			);
			defaultConfigurationIsVisible = 0;
			defaultConfigurationName = Release;
		};
		5A5330CF291F02DB0081E957 /* Build configuration list for PBXNativeTarget "fish tvOS" */ = {
			isa = XCConfigurationList;
			buildConfigurations = (
				5A5330D0291F02DB0081E957 /* Debug */,
				5A5330D1291F02DB0081E957 /* Release */,
			);
			defaultConfigurationIsVisible = 0;
			defaultConfigurationName = Release;
		};
		5A5330D2291F02DB0081E957 /* Build configuration list for PBXNativeTarget "fish macOS" */ = {
			isa = XCConfigurationList;
			buildConfigurations = (
				5A5330D3291F02DB0081E957 /* Debug */,
				5A5330D4291F02DB0081E957 /* Release */,
			);
			defaultConfigurationIsVisible = 0;
			defaultConfigurationName = Release;
		};
/* End XCConfigurationList section */
	};
	rootObject = 5A533086291F02D60081E957 /* Project object */;
}
